# THIS IS AN AUTOGENERATED FILE. DO NOT EDIT THIS FILE DIRECTLY.
# yarn lockfile v1


eslint-plugin-jest@^22.6.4:
  version "22.6.4"
  resolved "https://registry.yarnpkg.com/eslint-plugin-jest/-/eslint-plugin-jest-22.6.4.tgz#2895b047dd82f90f43a58a25cf136220a21c9104"
  integrity sha512-36OqnZR/uMCDxXGmTsqU4RwllR0IiB/XF8GW3ODmhsjiITKuI0GpgultWFt193ipN3HARkaIcKowpE6HBvRHNg==
